{
  "name": "@hemant0621/common",
  "version": "1.0.1",
  "lockfileVersion": 3,
  "requires": true,
  "packages": {
    "": {
      "name": "@hemant0621/common",
      "version": "1.0.1",
      "license": "ISC",
      "dependencies": {
        "@hemant0621/common": "^1.0.1",
        "vi": "^1.0.0",
        "zod": "^3.23.8"
      }
    },
    "node_modules/@hemant0621/common": {
      "version": "1.0.1",
      "resolved": "https://registry.npmjs.org/@hemant0621/common/-/common-1.0.1.tgz",
      "integrity": "sha512-HvJTVJrHubsgKAX7/SJktVjMVZH/fGJF4jYZD8mnkz5O9aISeuKuhT8+B4idANoxeA+qy9INy0xRHmRdrKRVXQ==",
      "dependencies": {
        "vi": "^1.0.0",
        "zod": "^3.23.8"
      }
    },
    "node_modules/vi": {
      "version": "1.0.0",
      "resolved": "https://registry.npmjs.org/vi/-/vi-1.0.0.tgz",
      "integrity": "sha512-fLpBeQzBddayFzoNMfCzvkcomwRYHx05qRo8lVCjMmR8ggs36Auw5A6/yH/UU8e2UAsGvh0qmXlNoR1DIdfWUw=="
    },
    "node_modules/zod": {
      "version": "3.23.8",
      "resolved": "https://registry.npmjs.org/zod/-/zod-3.23.8.tgz",
      "integrity": "sha512-XBx9AXhXktjUqnepgTiE5flcKIYWi/rme0Eaj+5Y0lftuGBq+jyRu/md4WnuxqgP1ubdpNCsYEYPxrzVHD8d6g==",
      "funding": {
        "url": "https://github.com/sponsors/colinhacks"
      }
    }
  }
}
